
Microsoft Visual Studio Solution File, Format Version 12.00
# Visual Studio Version 16
VisualStudioVersion = 16.0.30517.126
MinimumVisualStudioVersion = 10.0.40219.1
Project("{FAE04EC0-301F-11D3-BF4B-00C04F79EFBC}") = "WebApplication1", "WebApplication1\WebApplication1.csproj", "{B212F3F4-F2ED-4A5A-AA23-E929EDD0A335}"
EndProject
Global
	GlobalSection(SolutionConfigurationPlatforms) = preSolution
		Debug|Any CPU = Debug|Any CPU
		Release|Any CPU = Release|Any CPU
	EndGlobalSection
	GlobalSection(ProjectConfigurationPlatforms) = postSolution
		{B212F3F4-F2ED-4A5A-AA23-E929EDD0A335}.Debug|Any CPU.ActiveCfg = Debug|Any CPU
		{B212F3F4-F2ED-4A5A-AA23-E929EDD0A335}.Debug|Any CPU.Build.0 = Debug|Any CPU
		{B212F3F4-F2ED-4A5A-AA23-E929EDD0A335}.Release|Any CPU.ActiveCfg = Release|Any CPU
		{B212F3F4-F2ED-4A5A-AA23-E929EDD0A335}.Release|Any CPU.Build.0 = Release|Any CPU
	EndGlobalSection
	GlobalSection(SolutionProperties) = preSolution
		HideSolutionNode = FALSE
	EndGlobalSection
	GlobalSection(ExtensibilityGlobals) = postSolution
		SolutionGuid = {19918AE9-6AF8-4635-BB3C-EC7A4845CCD1}
	EndGlobalSection
EndGlobal
